# THIS IS AN AUTOGENERATED FILE. DO NOT EDIT THIS FILE DIRECTLY.
# yarn lockfile v1


"@angular/compiler@6.0.3":
  version "6.0.3"
  resolved "https://nexus.interne.montreal.ca/repository/npm/@angular/compiler/-/compiler-6.0.3.tgz#47e988012e94f9e3477a4c5557c997d7910a3b2d"
  dependencies:
    tslib "^1.9.0"

"@angular/core@6.0.3":
  version "6.0.3"
  resolved "https://nexus.interne.montreal.ca/repository/npm/@angular/core/-/core-6.0.3.tgz#50502115105c3784d24338dd8ffb7dddcb55b58d"
  dependencies:
    tslib "^1.9.0"

"@babel/code-frame@^7.0.0":
  version "7.5.5"
  resolved "https://nexus.interne.montreal.ca/repository/npm/@babel/code-frame/-/code-frame-7.5.5.tgz#bc0782f6d69f7b7d49531219699b988f669a8f9d"
  dependencies:
    "@babel/highlight" "^7.0.0"

"@babel/highlight@^7.0.0":
  version "7.5.0"
  resolved "https://nexus.interne.montreal.ca/repository/npm/@babel/highlight/-/highlight-7.5.0.tgz#56d11312bd9248fa619591d02472be6e8cb32540"
  dependencies:
    chalk "^2.0.0"
    esutils "^2.0.2"
    js-tokens "^4.0.0"

"@fimbul/bifrost@^0.17.0":
  version "0.17.0"
  resolved "https://nexus.interne.montreal.ca/repository/npm/@fimbul/bifrost/-/bifrost-0.17.0.tgz#f0383ba7e40992e3193dc87e2ddfde2ad62a9cf4"
  dependencies:
    "@fimbul/ymir" "^0.17.0"
    get-caller-file "^2.0.0"
    tslib "^1.8.1"
    tsutils "^3.5.0"

"@fimbul/ymir@^0.17.0":
  version "0.17.0"
  resolved "https://nexus.interne.montreal.ca/repository/npm/@fimbul/ymir/-/ymir-0.17.0.tgz#4f28389b9f804d1cd202e11983af1743488b7815"
  dependencies:
    inversify "^5.0.0"
    reflect-metadata "^0.1.12"
    tslib "^1.8.1"

"@types/app-root-path@1.2.4":
  version "1.2.4"
  resolved "https://nexus.interne.montreal.ca/repository/npm/@types/app-root-path/-/app-root-path-1.2.4.tgz#a78b703282b32ac54de768f5512ecc3569919dc7"

"@types/fs-extra@8.0.0":
  version "8.0.0"
  resolved "https://nexus.interne.montreal.ca/repository/npm/@types/fs-extra/-/fs-extra-8.0.0.tgz#d3e2c313ca29f95059f198dd60d1f774642d4b25"
  dependencies:
    "@types/node" "*"

"@types/node@*":
  version "10.12.10"
  resolved "https://nexus.interne.montreal.ca/repository/npm/@types/node/-/node-10.12.10.tgz#4fa76e6598b7de3f0cb6ec3abacc4f59e5b3a2ce"

"@types/node@^12.x.x":
  version "12.6.8"
  resolved "https://nexus.interne.montreal.ca/repository/npm/@types/node/-/node-12.6.8.tgz#e469b4bf9d1c9832aee4907ba8a051494357c12c"

ansi-styles@^3.2.1:
  version "3.2.1"
  resolved "https://nexus.interne.montreal.ca/repository/npm/ansi-styles/-/ansi-styles-3.2.1.tgz#41fbb20243e50b12be0f04b8dedbf07520ce841d"
  dependencies:
    color-convert "^1.9.0"

app-root-path@2.2.1, app-root-path@^2.2.1:
  version "2.2.1"
  resolved "https://nexus.interne.montreal.ca/repository/npm/app-root-path/-/app-root-path-2.2.1.tgz#d0df4a682ee408273583d43f6f79e9892624bc9a"

argparse@^1.0.7:
  version "1.0.10"
  resolved "https://nexus.interne.montreal.ca/repository/npm/argparse/-/argparse-1.0.10.tgz#bcd6791ea5ae09725e17e5ad988134cd40b3d911"
  dependencies:
    sprintf-js "~1.0.2"

aria-query@^3.0.0:
  version "3.0.0"
  resolved "https://nexus.interne.montreal.ca/repository/npm/aria-query/-/aria-query-3.0.0.tgz#65b3fcc1ca1155a8c9ae64d6eee297f15d5133cc"
  dependencies:
    ast-types-flow "0.0.7"
    commander "^2.11.0"

ast-types-flow@0.0.7:
  version "0.0.7"
  resolved "https://nexus.interne.montreal.ca/repository/npm/ast-types-flow/-/ast-types-flow-0.0.7.tgz#f70b735c6bca1a5c9c22d982c3e39e7feba3bdad"

axobject-query@^2.0.2:
  version "2.0.2"
  resolved "https://nexus.interne.montreal.ca/repository/npm/axobject-query/-/axobject-query-2.0.2.tgz#ea187abe5b9002b377f925d8bf7d1c561adf38f9"
  dependencies:
    ast-types-flow "0.0.7"

balanced-match@^1.0.0:
  version "1.0.0"
  resolved "https://nexus.interne.montreal.ca/repository/npm/balanced-match/-/balanced-match-1.0.0.tgz#89b4d199ab2bee49de164ea02b89ce462d71b767"

brace-expansion@^1.1.7:
  version "1.1.11"
  resolved "https://nexus.interne.montreal.ca/repository/npm/brace-expansion/-/brace-expansion-1.1.11.tgz#3c7fcbf529d87226f3d2f52b966ff5271eb441dd"
  dependencies:
    balanced-match "^1.0.0"
    concat-map "0.0.1"

builtin-modules@^1.1.1:
  version "1.1.1"
  resolved "https://nexus.interne.montreal.ca/repository/npm/builtin-modules/-/builtin-modules-1.1.1.tgz#270f076c5a72c02f5b65a47df94c5fe3a278892f"

caller-id@^0.1.0:
  version "0.1.0"
  resolved "https://nexus.interne.montreal.ca/repository/npm/caller-id/-/caller-id-0.1.0.tgz#59bdac0893d12c3871408279231f97458364f07b"
  dependencies:
    stack-trace "~0.0.7"

chalk@^2.0.0:
  version "2.4.2"
  resolved "https://nexus.interne.montreal.ca/repository/npm/chalk/-/chalk-2.4.2.tgz#cd42541677a54333cf541a49108c1432b44c9424"
  dependencies:
    ansi-styles "^3.2.1"
    escape-string-regexp "^1.0.5"
    supports-color "^5.3.0"

chalk@^2.3.0:
  version "2.4.1"
  resolved "https://nexus.interne.montreal.ca/repository/npm/chalk/-/chalk-2.4.1.tgz#18c49ab16a037b6eb0152cc83e3471338215b66e"
  dependencies:
    ansi-styles "^3.2.1"
    escape-string-regexp "^1.0.5"
    supports-color "^5.3.0"

codelyzer@5.1.0:
  version "5.1.0"
  resolved "https://nexus.interne.montreal.ca/repository/npm/codelyzer/-/codelyzer-5.1.0.tgz#a0eb89497622679ea4c53b6974aa45598f06a4b5"
  dependencies:
    app-root-path "^2.2.1"
    aria-query "^3.0.0"
    axobject-query "^2.0.2"
    css-selector-tokenizer "^0.7.1"
    cssauron "^1.4.0"
    damerau-levenshtein "^1.0.4"
    semver-dsl "^1.0.1"
    source-map "^0.5.7"
    sprintf-js "^1.1.2"

color-convert@^1.9.0:
  version "1.9.3"
  resolved "https://nexus.interne.montreal.ca/repository/npm/color-convert/-/color-convert-1.9.3.tgz#bb71850690e1f136567de629d2d5471deda4c1e8"
  dependencies:
    color-name "1.1.3"

color-name@1.1.3:
  version "1.1.3"
  resolved "https://nexus.interne.montreal.ca/repository/npm/color-name/-/color-name-1.1.3.tgz#a7d0558bd89c42f795dd42328f740831ca53bc25"

commander@^2.11.0:
  version "2.20.0"
  resolved "https://nexus.interne.montreal.ca/repository/npm/commander/-/commander-2.20.0.tgz#d58bb2b5c1ee8f87b0d340027e9e94e222c5a422"

commander@^2.12.1:
  version "2.19.0"
  resolved "https://nexus.interne.montreal.ca/repository/npm/commander/-/commander-2.19.0.tgz#f6198aa84e5b83c46054b94ddedbfed5ee9ff12a"

concat-map@0.0.1:
  version "0.0.1"
  resolved "https://nexus.interne.montreal.ca/repository/npm/concat-map/-/concat-map-0.0.1.tgz#d8a96bd77fd68df7793a73036a3ba0d5405d477b"

css-selector-tokenizer@^0.7.1:
  version "0.7.1"
  resolved "https://nexus.interne.montreal.ca/repository/npm/css-selector-tokenizer/-/css-selector-tokenizer-0.7.1.tgz#a177271a8bca5019172f4f891fc6eed9cbf68d5d"
  dependencies:
    cssesc "^0.1.0"
    fastparse "^1.1.1"
    regexpu-core "^1.0.0"

cssauron@^1.4.0:
  version "1.4.0"
  resolved "https://nexus.interne.montreal.ca/repository/npm/cssauron/-/cssauron-1.4.0.tgz#a6602dff7e04a8306dc0db9a551e92e8b5662ad8"
  dependencies:
    through X.X.X

cssesc@^0.1.0:
  version "0.1.0"
  resolved "https://nexus.interne.montreal.ca/repository/npm/cssesc/-/cssesc-0.1.0.tgz#c814903e45623371a0477b40109aaafbeeaddbb4"

damerau-levenshtein@^1.0.4:
  version "1.0.5"
  resolved "https://nexus.interne.montreal.ca/repository/npm/damerau-levenshtein/-/damerau-levenshtein-1.0.5.tgz#780cf7144eb2e8dbd1c3bb83ae31100ccc31a414"

diff@^3.2.0:
  version "3.5.0"
  resolved "https://nexus.interne.montreal.ca/repository/npm/diff/-/diff-3.5.0.tgz#800c0dd1e0a8bfbc95835c202ad220fe317e5a12"

doctrine@0.7.2:
  version "0.7.2"
  resolved "https://nexus.interne.montreal.ca/repository/npm/doctrine/-/doctrine-0.7.2.tgz#7cb860359ba3be90e040b26b729ce4bfa654c523"
  dependencies:
    esutils "^1.1.6"
    isarray "0.0.1"

escape-string-regexp@^1.0.5:
  version "1.0.5"
  resolved "https://nexus.interne.montreal.ca/repository/npm/escape-string-regexp/-/escape-string-regexp-1.0.5.tgz#1b61c0562190a8dff6ae3bb2cf0200ca130b86d4"

esprima@^4.0.0:
  version "4.0.1"
  resolved "https://nexus.interne.montreal.ca/repository/npm/esprima/-/esprima-4.0.1.tgz#13b04cdb3e6c5d19df91ab6987a8695619b0aa71"

esutils@^1.1.6:
  version "1.1.6"
  resolved "https://nexus.interne.montreal.ca/repository/npm/esutils/-/esutils-1.1.6.tgz#c01ccaa9ae4b897c6d0c3e210ae52f3c7a844375"

esutils@^2.0.2:
  version "2.0.2"
  resolved "https://nexus.interne.montreal.ca/repository/npm/esutils/-/esutils-2.0.2.tgz#0abf4f1caa5bcb1f7a9d8acc6dea4faaa04bac9b"

fastparse@^1.1.1:
  version "1.1.2"
  resolved "https://nexus.interne.montreal.ca/repository/npm/fastparse/-/fastparse-1.1.2.tgz#91728c5a5942eced8531283c79441ee4122c35a9"

fs-extra@8.1.0:
  version "8.1.0"
  resolved "https://nexus.interne.montreal.ca/repository/npm/fs-extra/-/fs-extra-8.1.0.tgz#49d43c45a88cd9677668cb7be1b46efdb8d2e1c0"
  dependencies:
    graceful-fs "^4.2.0"
    jsonfile "^4.0.0"
    universalify "^0.1.0"

fs.realpath@^1.0.0:
  version "1.0.0"
  resolved "https://nexus.interne.montreal.ca/repository/npm/fs.realpath/-/fs.realpath-1.0.0.tgz#1504ad2523158caa40db4a2787cb01411994ea4f"

get-caller-file@^2.0.0:
  version "2.0.0"
  resolved "https://nexus.interne.montreal.ca/repository/npm/get-caller-file/-/get-caller-file-2.0.0.tgz#1e119be08623cdb28fb6b2873e671a758aa2b6eb"

glob@^7.1.1:
  version "7.1.3"
  resolved "https://nexus.interne.montreal.ca/repository/npm/glob/-/glob-7.1.3.tgz#3960832d3f1574108342dafd3a67b332c0969df1"
  dependencies:
    fs.realpath "^1.0.0"
    inflight "^1.0.4"
    inherits "2"
    minimatch "^3.0.4"
    once "^1.3.0"
    path-is-absolute "^1.0.0"

graceful-fs@^4.1.6:
  version "4.1.15"
  resolved "https://nexus.interne.montreal.ca/repository/npm/graceful-fs/-/graceful-fs-4.1.15.tgz#ffb703e1066e8a0eeaa4c8b80ba9253eeefbfb00"

graceful-fs@^4.2.0:
  version "4.2.0"
  resolved "https://nexus.interne.montreal.ca/repository/npm/graceful-fs/-/graceful-fs-4.2.0.tgz#8d8fdc73977cb04104721cb53666c1ca64cd328b"

has-flag@^3.0.0:
  version "3.0.0"
  resolved "https://nexus.interne.montreal.ca/repository/npm/has-flag/-/has-flag-3.0.0.tgz#b5d454dc2199ae225699f3467e5a07f3b955bafd"

inflight@^1.0.4:
  version "1.0.6"
  resolved "https://nexus.interne.montreal.ca/repository/npm/inflight/-/inflight-1.0.6.tgz#49bd6331d7d02d0c09bc910a1075ba8165b56df9"
  dependencies:
    once "^1.3.0"
    wrappy "1"

inherits@2:
  version "2.0.3"
  resolved "https://nexus.interne.montreal.ca/repository/npm/inherits/-/inherits-2.0.3.tgz#633c2c83e3da42a502f52466022480f4208261de"

inversify@^5.0.0:
  version "5.0.1"
  resolved "https://nexus.interne.montreal.ca/repository/npm/inversify/-/inversify-5.0.1.tgz#500d709b1434896ce5a0d58915c4a4210e34fb6e"

isarray@0.0.1:
  version "0.0.1"
  resolved "https://nexus.interne.montreal.ca/repository/npm/isarray/-/isarray-0.0.1.tgz#8a18acfca9a8f4177e09abfc6038939b05d1eedf"

js-tokens@^4.0.0:
  version "4.0.0"
  resolved "https://nexus.interne.montreal.ca/repository/npm/js-tokens/-/js-tokens-4.0.0.tgz#19203fb59991df98e3a287050d4647cdeaf32499"

js-yaml@^3.13.1:
  version "3.13.1"
  resolved "https://nexus.interne.montreal.ca/repository/npm/js-yaml/-/js-yaml-3.13.1.tgz#aff151b30bfdfa8e49e05da22e7415e9dfa37847"
  dependencies:
    argparse "^1.0.7"
    esprima "^4.0.0"

jsesc@~0.5.0:
  version "0.5.0"
  resolved "https://nexus.interne.montreal.ca/repository/npm/jsesc/-/jsesc-0.5.0.tgz#e7dee66e35d6fc16f710fe91d5cf69f70f08911d"

jsonfile@^4.0.0:
  version "4.0.0"
  resolved "https://nexus.interne.montreal.ca/repository/npm/jsonfile/-/jsonfile-4.0.0.tgz#8771aae0799b64076b76640fca058f9c10e33ecb"
  optionalDependencies:
    graceful-fs "^4.1.6"

minimatch@^3.0.4:
  version "3.0.4"
  resolved "https://nexus.interne.montreal.ca/repository/npm/minimatch/-/minimatch-3.0.4.tgz#5166e286457f03306064be5497e8dbb0c3d32083"
  dependencies:
    brace-expansion "^1.1.7"

minimist@0.0.8:
  version "0.0.8"
  resolved "https://nexus.interne.montreal.ca/repository/npm/minimist/-/minimist-0.0.8.tgz#857fcabfc3397d2625b8228262e86aa7a011b05d"

mkdirp@^0.5.1:
  version "0.5.1"
  resolved "https://nexus.interne.montreal.ca/repository/npm/mkdirp/-/mkdirp-0.5.1.tgz#30057438eac6cf7f8c4767f38648d6697d75c903"
  dependencies:
    minimist "0.0.8"

mock-require@^2.0.2:
  version "2.0.2"
  resolved "https://nexus.interne.montreal.ca/repository/npm/mock-require/-/mock-require-2.0.2.tgz#1eaa71aad23013773d127dc7e91a3fbb4837d60d"
  dependencies:
    caller-id "^0.1.0"

once@^1.3.0:
  version "1.4.0"
  resolved "https://nexus.interne.montreal.ca/repository/npm/once/-/once-1.4.0.tgz#583b1aa775961d4b113ac17d9c50baef9dd76bd1"
  dependencies:
    wrappy "1"

path-is-absolute@^1.0.0:
  version "1.0.1"
  resolved "https://nexus.interne.montreal.ca/repository/npm/path-is-absolute/-/path-is-absolute-1.0.1.tgz#174b9268735534ffbc7ace6bf53a5a9e1b5c5f5f"

path-parse@^1.0.5:
  version "1.0.6"
  resolved "https://nexus.interne.montreal.ca/repository/npm/path-parse/-/path-parse-1.0.6.tgz#d62dbb5679405d72c4737ec58600e9ddcf06d24c"

prettier@1.18.2:
  version "1.18.2"
  resolved "https://nexus.interne.montreal.ca/repository/npm/prettier/-/prettier-1.18.2.tgz#6823e7c5900017b4bd3acf46fe9ac4b4d7bda9ea"

reflect-metadata@^0.1.12:
  version "0.1.12"
  resolved "https://nexus.interne.montreal.ca/repository/npm/reflect-metadata/-/reflect-metadata-0.1.12.tgz#311bf0c6b63cd782f228a81abe146a2bfa9c56f2"

regenerate@^1.2.1:
  version "1.4.0"
  resolved "https://nexus.interne.montreal.ca/repository/npm/regenerate/-/regenerate-1.4.0.tgz#4a856ec4b56e4077c557589cae85e7a4c8869a11"

regexpu-core@^1.0.0:
  version "1.0.0"
  resolved "https://nexus.interne.montreal.ca/repository/npm/regexpu-core/-/regexpu-core-1.0.0.tgz#86a763f58ee4d7c2f6b102e4764050de7ed90c6b"
  dependencies:
    regenerate "^1.2.1"
    regjsgen "^0.2.0"
    regjsparser "^0.1.4"

regjsgen@^0.2.0:
  version "0.2.0"
  resolved "https://nexus.interne.montreal.ca/repository/npm/regjsgen/-/regjsgen-0.2.0.tgz#6c016adeac554f75823fe37ac05b92d5a4edb1f7"

regjsparser@^0.1.4:
  version "0.1.5"
  resolved "https://nexus.interne.montreal.ca/repository/npm/regjsparser/-/regjsparser-0.1.5.tgz#7ee8f84dc6fa792d3fd0ae228d24bd949ead205c"
  dependencies:
    jsesc "~0.5.0"

resolve@^1.3.2:
  version "1.8.1"
  resolved "https://nexus.interne.montreal.ca/repository/npm/resolve/-/resolve-1.8.1.tgz#82f1ec19a423ac1fbd080b0bab06ba36e84a7a26"
  dependencies:
    path-parse "^1.0.5"

rxjs@6.5.2:
  version "6.5.2"
  resolved "https://nexus.interne.montreal.ca/repository/npm/rxjs/-/rxjs-6.5.2.tgz#2e35ce815cd46d84d02a209fb4e5921e051dbec7"
  dependencies:
    tslib "^1.9.0"

semver-dsl@^1.0.1:
  version "1.0.1"
  resolved "https://nexus.interne.montreal.ca/repository/npm/semver-dsl/-/semver-dsl-1.0.1.tgz#d3678de5555e8a61f629eed025366ae5f27340a0"
  dependencies:
    semver "^5.3.0"

semver@^5.3.0:
  version "5.6.0"
  resolved "https://nexus.interne.montreal.ca/repository/npm/semver/-/semver-5.6.0.tgz#7e74256fbaa49c75aa7c7a205cc22799cac80004"

source-map@^0.5.7:
  version "0.5.7"
  resolved "https://nexus.interne.montreal.ca/repository/npm/source-map/-/source-map-0.5.7.tgz#8a039d2d1021d22d1ea14c80d8ea468ba2ef3fcc"

sprintf-js@^1.1.2:
  version "1.1.2"
  resolved "https://nexus.interne.montreal.ca/repository/npm/sprintf-js/-/sprintf-js-1.1.2.tgz#da1765262bf8c0f571749f2ad6c26300207ae673"

sprintf-js@~1.0.2:
  version "1.0.3"
  resolved "https://nexus.interne.montreal.ca/repository/npm/sprintf-js/-/sprintf-js-1.0.3.tgz#04e6926f662895354f3dd015203633b857297e2c"

stack-trace@~0.0.7:
  version "0.0.10"
  resolved "https://nexus.interne.montreal.ca/repository/npm/stack-trace/-/stack-trace-0.0.10.tgz#547c70b347e8d32b4e108ea1a2a159e5fdde19c0"

supports-color@^5.3.0:
  version "5.5.0"
  resolved "https://nexus.interne.montreal.ca/repository/npm/supports-color/-/supports-color-5.5.0.tgz#e2e69a44ac8772f78a1ec0b35b689df6530efc8f"
  dependencies:
    has-flag "^3.0.0"

through@X.X.X:
  version "2.3.8"
  resolved "https://nexus.interne.montreal.ca/repository/npm/through/-/through-2.3.8.tgz#0dd4c9ffaabc357960b1b724115d7e0e86a2e1f5"

tslib@1.9.0:
  version "1.9.0"
  resolved "https://nexus.interne.montreal.ca/repository/npm/tslib/-/tslib-1.9.0.tgz#e37a86fda8cbbaf23a057f473c9f4dc64e5fc2e8"

tslib@^1.7.1, tslib@^1.8.0, tslib@^1.8.1, tslib@^1.9.0:
  version "1.9.3"
  resolved "https://nexus.interne.montreal.ca/repository/npm/tslib/-/tslib-1.9.3.tgz#d7e4dd79245d85428c4d7e4822a79917954ca286"

tslint-config-airbnb@5.11.1:
  version "5.11.1"
  resolved "https://nexus.interne.montreal.ca/repository/npm/tslint-config-airbnb/-/tslint-config-airbnb-5.11.1.tgz#51a27fbb8bf24c144d064a274a71da47e7ece617"
  dependencies:
    tslint-consistent-codestyle "^1.14.1"
    tslint-eslint-rules "^5.4.0"
    tslint-microsoft-contrib "~5.2.1"

tslint-config-prettier@1.18.0:
  version "1.18.0"
  resolved "https://nexus.interne.montreal.ca/repository/npm/tslint-config-prettier/-/tslint-config-prettier-1.18.0.tgz#75f140bde947d35d8f0d238e0ebf809d64592c37"

tslint-consistent-codestyle@^1.14.1:
  version "1.15.1"
  resolved "https://nexus.interne.montreal.ca/repository/npm/tslint-consistent-codestyle/-/tslint-consistent-codestyle-1.15.1.tgz#a0c5cd5a5860d40b659c490d8013c5732e02af8c"
  dependencies:
    "@fimbul/bifrost" "^0.17.0"
    tslib "^1.7.1"
    tsutils "^2.29.0"

tslint-eslint-rules@^5.4.0:
  version "5.4.0"
  resolved "https://nexus.interne.montreal.ca/repository/npm/tslint-eslint-rules/-/tslint-eslint-rules-5.4.0.tgz#e488cc9181bf193fe5cd7bfca213a7695f1737b5"
  dependencies:
    doctrine "0.7.2"
    tslib "1.9.0"
    tsutils "^3.0.0"

tslint-language-service@0.9.9:
  version "0.9.9"
  resolved "https://nexus.interne.montreal.ca/repository/npm/tslint-language-service/-/tslint-language-service-0.9.9.tgz#f546dc38483979e6fb3cfa59584ad8525b3ad4da"
  dependencies:
    mock-require "^2.0.2"

tslint-microsoft-contrib@~5.2.1:
  version "5.2.1"
  resolved "https://nexus.interne.montreal.ca/repository/npm/tslint-microsoft-contrib/-/tslint-microsoft-contrib-5.2.1.tgz#a6286839f800e2591d041ea2800c77487844ad81"
  dependencies:
    tsutils "^2.27.2 <2.29.0"

tslint@5.18.0:
  version "5.18.0"
  resolved "https://nexus.interne.montreal.ca/repository/npm/tslint/-/tslint-5.18.0.tgz#f61a6ddcf372344ac5e41708095bbf043a147ac6"
  dependencies:
    "@babel/code-frame" "^7.0.0"
    builtin-modules "^1.1.1"
    chalk "^2.3.0"
    commander "^2.12.1"
    diff "^3.2.0"
    glob "^7.1.1"
    js-yaml "^3.13.1"
    minimatch "^3.0.4"
    mkdirp "^0.5.1"
    resolve "^1.3.2"
    semver "^5.3.0"
    tslib "^1.8.0"
    tsutils "^2.29.0"

"tsutils@^2.27.2 <2.29.0":
  version "2.28.0"
  resolved "https://nexus.interne.montreal.ca/repository/npm/tsutils/-/tsutils-2.28.0.tgz#6bd71e160828f9d019b6f4e844742228f85169a1"
  dependencies:
    tslib "^1.8.1"

tsutils@^2.29.0:
  version "2.29.0"
  resolved "https://nexus.interne.montreal.ca/repository/npm/tsutils/-/tsutils-2.29.0.tgz#32b488501467acbedd4b85498673a0812aca0b99"
  dependencies:
    tslib "^1.8.1"

tsutils@^3.0.0:
  version "3.5.1"
  resolved "https://nexus.interne.montreal.ca/repository/npm/tsutils/-/tsutils-3.5.1.tgz#2219e5f0ad728aef94bd6634a5b4d8ce6b2e2eea"
  dependencies:
    tslib "^1.8.1"

tsutils@^3.5.0:
  version "3.14.0"
  resolved "https://nexus.interne.montreal.ca/repository/npm/tsutils/-/tsutils-3.14.0.tgz#bf8d5a7bae5369331fa0f2b0a5a10bd7f7396c77"
  dependencies:
    tslib "^1.8.1"

typescript@3.5.3:
  version "3.5.3"
  resolved "https://nexus.interne.montreal.ca/repository/npm/typescript/-/typescript-3.5.3.tgz#c830f657f93f1ea846819e929092f5fe5983e977"

universalify@^0.1.0:
  version "0.1.2"
  resolved "https://nexus.interne.montreal.ca/repository/npm/universalify/-/universalify-0.1.2.tgz#b646f69be3942dabcecc9d6639c80dc105efaa66"

uuid@3.3.2:
  version "3.3.2"
  resolved "https://nexus.interne.montreal.ca/repository/npm/uuid/-/uuid-3.3.2.tgz#1b4af4955eb3077c501c23872fc6513811587131"

wrappy@1:
  version "1.0.2"
  resolved "https://nexus.interne.montreal.ca/repository/npm/wrappy/-/wrappy-1.0.2.tgz#b5243d8f3ec1aa35f1364605bc0d1036e30ab69f"
